
Microsoft Visual Studio Solution File, Format Version 11.00
# Visual Studio 2010
Project("{FAE04EC0-301F-11D3-BF4B-00C04F79EFBC}") = "ReactiveExtensionsDemo", "ReactiveExtensionsDemo\ReactiveExtensionsDemo.csproj", "{0B76D949-2384-4EC1-BFD7-2DEFDAF22769}"
EndProject
Project("{FAE04EC0-301F-11D3-BF4B-00C04F79EFBC}") = "ReactiveExtensionsDemo.Web", "ReactiveExtensionsDemo.Web\ReactiveExtensionsDemo.Web.csproj", "{BCCB6537-F5A5-4F3F-98E7-99AA61035D8F}"
EndProject
Project("{FAE04EC0-301F-11D3-BF4B-00C04F79EFBC}") = "WCFRestService", "WCFRestService\WCFRestService.csproj", "{6DFA5EBA-2072-49C8-B89B-EEFCD83CB68B}"
EndProject
Project("{FAE04EC0-301F-11D3-BF4B-00C04F79EFBC}") = "SilverlightTest1", "SilverlightTest1\SilverlightTest1.csproj", "{46D9094E-E045-4D79-8DE9-8411685BF3D2}"
EndProject
Global
	GlobalSection(SolutionConfigurationPlatforms) = preSolution
		Debug|Any CPU = Debug|Any CPU
		Release|Any CPU = Release|Any CPU
	EndGlobalSection
	GlobalSection(ProjectConfigurationPlatforms) = postSolution
		{0B76D949-2384-4EC1-BFD7-2DEFDAF22769}.Debug|Any CPU.ActiveCfg = Debug|Any CPU
		{0B76D949-2384-4EC1-BFD7-2DEFDAF22769}.Debug|Any CPU.Build.0 = Debug|Any CPU
		{0B76D949-2384-4EC1-BFD7-2DEFDAF22769}.Release|Any CPU.ActiveCfg = Release|Any CPU
		{0B76D949-2384-4EC1-BFD7-2DEFDAF22769}.Release|Any CPU.Build.0 = Release|Any CPU
		{BCCB6537-F5A5-4F3F-98E7-99AA61035D8F}.Debug|Any CPU.ActiveCfg = Debug|Any CPU
		{BCCB6537-F5A5-4F3F-98E7-99AA61035D8F}.Debug|Any CPU.Build.0 = Debug|Any CPU
		{BCCB6537-F5A5-4F3F-98E7-99AA61035D8F}.Release|Any CPU.ActiveCfg = Release|Any CPU
		{BCCB6537-F5A5-4F3F-98E7-99AA61035D8F}.Release|Any CPU.Build.0 = Release|Any CPU
		{6DFA5EBA-2072-49C8-B89B-EEFCD83CB68B}.Debug|Any CPU.ActiveCfg = Debug|Any CPU
		{6DFA5EBA-2072-49C8-B89B-EEFCD83CB68B}.Debug|Any CPU.Build.0 = Debug|Any CPU
		{6DFA5EBA-2072-49C8-B89B-EEFCD83CB68B}.Release|Any CPU.ActiveCfg = Release|Any CPU
		{6DFA5EBA-2072-49C8-B89B-EEFCD83CB68B}.Release|Any CPU.Build.0 = Release|Any CPU
		{46D9094E-E045-4D79-8DE9-8411685BF3D2}.Debug|Any CPU.ActiveCfg = Debug|Any CPU
		{46D9094E-E045-4D79-8DE9-8411685BF3D2}.Debug|Any CPU.Build.0 = Debug|Any CPU
		{46D9094E-E045-4D79-8DE9-8411685BF3D2}.Release|Any CPU.ActiveCfg = Release|Any CPU
		{46D9094E-E045-4D79-8DE9-8411685BF3D2}.Release|Any CPU.Build.0 = Release|Any CPU
	EndGlobalSection
	GlobalSection(SolutionProperties) = preSolution
		HideSolutionNode = FALSE
	EndGlobalSection
EndGlobal
